
Microsoft Visual Studio Solution File, Format Version 12.00
# Visual Studio 15
VisualStudioVersion = 15.0.28010.0
MinimumVisualStudioVersion = 10.0.40219.1
Project("{FAE04EC0-301F-11D3-BF4B-00C04F79EFBC}") = "FestivalMVC", "FestivalMVC\FestivalMVC.csproj", "{A384819D-C448-4E0E-8A57-1E1F06EC58DA}"
EndProject
Project("{00D1A9C2-B5F0-4AF3-8072-F6C62B433612}") = "FestivalDatabase", "..\FestivalEntry\FestivalDatabase\FestivalDatabase.sqlproj", "{F6693765-0F71-4AFA-9C2E-484E7680AF0D}"
EndProject
Global
	GlobalSection(SolutionConfigurationPlatforms) = preSolution
		Debug|Any CPU = Debug|Any CPU
		Release|Any CPU = Release|Any CPU
	EndGlobalSection
	GlobalSection(ProjectConfigurationPlatforms) = postSolution
		{A384819D-C448-4E0E-8A57-1E1F06EC58DA}.Debug|Any CPU.ActiveCfg = Debug|Any CPU
		{A384819D-C448-4E0E-8A57-1E1F06EC58DA}.Debug|Any CPU.Build.0 = Debug|Any CPU
		{A384819D-C448-4E0E-8A57-1E1F06EC58DA}.Release|Any CPU.ActiveCfg = Release|Any CPU
		{A384819D-C448-4E0E-8A57-1E1F06EC58DA}.Release|Any CPU.Build.0 = Release|Any CPU
		{F6693765-0F71-4AFA-9C2E-484E7680AF0D}.Debug|Any CPU.ActiveCfg = Debug|Any CPU
		{F6693765-0F71-4AFA-9C2E-484E7680AF0D}.Debug|Any CPU.Build.0 = Debug|Any CPU
		{F6693765-0F71-4AFA-9C2E-484E7680AF0D}.Debug|Any CPU.Deploy.0 = Debug|Any CPU
		{F6693765-0F71-4AFA-9C2E-484E7680AF0D}.Release|Any CPU.ActiveCfg = Release|Any CPU
		{F6693765-0F71-4AFA-9C2E-484E7680AF0D}.Release|Any CPU.Build.0 = Release|Any CPU
		{F6693765-0F71-4AFA-9C2E-484E7680AF0D}.Release|Any CPU.Deploy.0 = Release|Any CPU
	EndGlobalSection
	GlobalSection(SolutionProperties) = preSolution
		HideSolutionNode = FALSE
	EndGlobalSection
	GlobalSection(ExtensibilityGlobals) = postSolution
		SolutionGuid = {2489F70A-880B-414C-8D84-CA3535A62CAD}
	EndGlobalSection
EndGlobal
